{
  "version": "4",
  "specifiers": {
    "jsr:@std/assert@1.0.6": "1.0.6",
    "jsr:@std/internal@^1.0.4": "1.0.4"
  },
  "jsr": {
    "@std/assert@1.0.6": {
      "integrity": "1904c05806a25d94fe791d6d883b685c9e2dcd60e4f9fc30f4fc5cf010c72207",
      "dependencies": [
        "jsr:@std/internal"
      ]
    },
    "@std/internal@1.0.4": {
      "integrity": "62e8e4911527e5e4f307741a795c0b0a9e6958d0b3790716ae71ce085f755422"
    }
  },
  "remote": {
    "https://raw.githubusercontent.com/i-xi-dev/number.es/10.0.0/mod.ts": "602c521be29aef4375c41925ec07d24609c5323b10a57d5e13f0b580b1c66707",
    "https://raw.githubusercontent.com/i-xi-dev/number.es/10.0.0/src/big_integer.ts": "2728acaf0b1ec91c68ecfbdfa0848db694da472ff1d205c6bdd695097100d832",
    "https://raw.githubusercontent.com/i-xi-dev/number.es/10.0.0/src/big_integer_range.ts": "72c25af39d5a417545e3912e3d0c736fd0bcc40f9b92113aeaef239611a7f0d4",
    "https://raw.githubusercontent.com/i-xi-dev/number.es/10.0.0/src/big_integer_uint_n.ts": "b9d9727cf343478939f8e5d48faf09410be99319d2a09e9394d30a22abea7db1",
    "https://raw.githubusercontent.com/i-xi-dev/number.es/10.0.0/src/integer.ts": "2d011a1bad688654b99a18bfbe582ac8a6a74d7c9f00c863adf3503e55214fe6",
    "https://raw.githubusercontent.com/i-xi-dev/number.es/10.0.0/src/integer_range.ts": "7017b1bba6aaf5f8a42a9f0272c7dda705e49ebd56ceecabedd074ef5d764f39",
    "https://raw.githubusercontent.com/i-xi-dev/number.es/10.0.0/src/numeric.ts": "22cc5d0b11d414eedd456a8f4a8b044275082f7c413283599bddab4173a6796d",
    "https://raw.githubusercontent.com/i-xi-dev/number.es/10.0.0/src/safe_integer.ts": "36e42824db5fb90cc4e1c12288ec7350be95a4cfce2acb55dcaef7c3d53c1908",
    "https://raw.githubusercontent.com/i-xi-dev/number.es/10.0.0/src/safe_integer_range.ts": "0ad399512bc1a9e717c185911377a5c016d15a825f563c5cce9e5ae2e5c76af9",
    "https://raw.githubusercontent.com/i-xi-dev/number.es/10.0.0/src/safe_integer_uint_n.ts": "3743668073f2f7db5ac5a5f5cf1e8b0c8f07567467053552e2d27e748dd3b032",
    "https://raw.githubusercontent.com/i-xi-dev/number.es/10.0.0/src/uint_n.ts": "fbef52ad256a083bfe5057dbdb2db616e9e80a5b9ad8f872595627ef33d5fd5b",
    "https://raw.githubusercontent.com/i-xi-dev/number.es/10.0.0/src/uint_n_type.ts": "79c566106cdc35542b1650291b42c46c5ce47f1dd7f4638fb873664e6b245167",
    "https://raw.githubusercontent.com/i-xi-dev/number.es/10.0.0/src/utils.ts": "5e5c550df3a48274490c34d030333e0aae194f669970606d61edaa03b26f0319"
  }
}
